
Microsoft Visual Studio Solution File, Format Version 12.00
# Visual Studio Version 17
VisualStudioVersion = 17.11.35327.3
MinimumVisualStudioVersion = 10.0.40219.1
Project("{8BC9CEB8-8B4A-11D0-8D11-00A0C91BC942}") = "Searching", "Searching\Searching.vcxproj", "{E74B8B63-9590-4BF8-B526-F8C744978FEE}"
EndProject
Global
	GlobalSection(SolutionConfigurationPlatforms) = preSolution
		Debug|x64 = Debug|x64
		Debug|x86 = Debug|x86
		Release|x64 = Release|x64
		Release|x86 = Release|x86
	EndGlobalSection
	GlobalSection(ProjectConfigurationPlatforms) = postSolution
		{E74B8B63-9590-4BF8-B526-F8C744978FEE}.Debug|x64.ActiveCfg = Debug|x64
		{E74B8B63-9590-4BF8-B526-F8C744978FEE}.Debug|x64.Build.0 = Debug|x64
		{E74B8B63-9590-4BF8-B526-F8C744978FEE}.Debug|x86.ActiveCfg = Debug|Win32
		{E74B8B63-9590-4BF8-B526-F8C744978FEE}.Debug|x86.Build.0 = Debug|Win32
		{E74B8B63-9590-4BF8-B526-F8C744978FEE}.Release|x64.ActiveCfg = Release|x64
		{E74B8B63-9590-4BF8-B526-F8C744978FEE}.Release|x64.Build.0 = Release|x64
		{E74B8B63-9590-4BF8-B526-F8C744978FEE}.Release|x86.ActiveCfg = Release|Win32
		{E74B8B63-9590-4BF8-B526-F8C744978FEE}.Release|x86.Build.0 = Release|Win32
	EndGlobalSection
	GlobalSection(SolutionProperties) = preSolution
		HideSolutionNode = FALSE
	EndGlobalSection
	GlobalSection(ExtensibilityGlobals) = postSolution
		SolutionGuid = {C659E5D9-3D46-4153-9248-D75A17B7F050}
	EndGlobalSection
EndGlobal
